
Microsoft Visual Studio Solution File, Format Version 12.00
# Visual Studio Version 17
VisualStudioVersion = 17.4.33213.308
MinimumVisualStudioVersion = 10.0.40219.1
Project("{FAE04EC0-301F-11D3-BF4B-00C04F79EFBC}") = "Student_Management_Console_Application", "Student_Management_Console_Application.csproj", "{E9788901-BED7-4F94-B0A4-01B4EA56C5C9}"
EndProject
Global
	GlobalSection(SolutionConfigurationPlatforms) = preSolution
		Debug|Any CPU = Debug|Any CPU
		Release|Any CPU = Release|Any CPU
	EndGlobalSection
	GlobalSection(ProjectConfigurationPlatforms) = postSolution
		{E9788901-BED7-4F94-B0A4-01B4EA56C5C9}.Debug|Any CPU.ActiveCfg = Debug|Any CPU
		{E9788901-BED7-4F94-B0A4-01B4EA56C5C9}.Debug|Any CPU.Build.0 = Debug|Any CPU
		{E9788901-BED7-4F94-B0A4-01B4EA56C5C9}.Release|Any CPU.ActiveCfg = Release|Any CPU
		{E9788901-BED7-4F94-B0A4-01B4EA56C5C9}.Release|Any CPU.Build.0 = Release|Any CPU
	EndGlobalSection
	GlobalSection(SolutionProperties) = preSolution
		HideSolutionNode = FALSE
	EndGlobalSection
	GlobalSection(ExtensibilityGlobals) = postSolution
		SolutionGuid = {CCF9B603-3520-4B36-8F7E-C1ABAAA0F8BB}
	EndGlobalSection
EndGlobal
